
Microsoft Visual Studio Solution File, Format Version 12.00
# Visual Studio 15
Project("{FAE04EC0-301F-11D3-BF4B-00C04F79EFBC}") = "VuforiaScripts", "VuforiaScripts.csproj", "{07E34564-0BC7-B33B-335F-B031E56B84A2}"
EndProject
Project("{FAE04EC0-301F-11D3-BF4B-00C04F79EFBC}") = "Assembly-CSharp", "Assembly-CSharp.csproj", "{5D7F6738-73D7-D667-E925-B39263AFB0DE}"
EndProject
Project("{FAE04EC0-301F-11D3-BF4B-00C04F79EFBC}") = "VuforiaEditorScripts", "VuforiaEditorScripts.csproj", "{E22F9E6D-357E-204C-CEB7-47DCAA43B6DF}"
EndProject
Global
	GlobalSection(SolutionConfigurationPlatforms) = preSolution
		Debug|Any CPU = Debug|Any CPU
		Release|Any CPU = Release|Any CPU
	EndGlobalSection
	GlobalSection(ProjectConfigurationPlatforms) = postSolution
		{07E34564-0BC7-B33B-335F-B031E56B84A2}.Debug|Any CPU.ActiveCfg = Debug|Any CPU
		{07E34564-0BC7-B33B-335F-B031E56B84A2}.Debug|Any CPU.Build.0 = Debug|Any CPU
		{07E34564-0BC7-B33B-335F-B031E56B84A2}.Release|Any CPU.ActiveCfg = Release|Any CPU
		{07E34564-0BC7-B33B-335F-B031E56B84A2}.Release|Any CPU.Build.0 = Release|Any CPU
		{5D7F6738-73D7-D667-E925-B39263AFB0DE}.Debug|Any CPU.ActiveCfg = Debug|Any CPU
		{5D7F6738-73D7-D667-E925-B39263AFB0DE}.Debug|Any CPU.Build.0 = Debug|Any CPU
		{5D7F6738-73D7-D667-E925-B39263AFB0DE}.Release|Any CPU.ActiveCfg = Release|Any CPU
		{5D7F6738-73D7-D667-E925-B39263AFB0DE}.Release|Any CPU.Build.0 = Release|Any CPU
		{E22F9E6D-357E-204C-CEB7-47DCAA43B6DF}.Debug|Any CPU.ActiveCfg = Debug|Any CPU
		{E22F9E6D-357E-204C-CEB7-47DCAA43B6DF}.Debug|Any CPU.Build.0 = Debug|Any CPU
		{E22F9E6D-357E-204C-CEB7-47DCAA43B6DF}.Release|Any CPU.ActiveCfg = Release|Any CPU
		{E22F9E6D-357E-204C-CEB7-47DCAA43B6DF}.Release|Any CPU.Build.0 = Release|Any CPU
	EndGlobalSection
	GlobalSection(SolutionProperties) = preSolution
		HideSolutionNode = FALSE
	EndGlobalSection
EndGlobal
